// !$*UTF8*$!
{
	archiveVersion = 1;
	classes = {
	};
	objectVersion = 46;
	objects = {

/* Begin PBXBuildFile section */
		163D3C941C1D560100ED66EF /* main.cpp in Sources */ = {isa = PBXBuildFile; fileRef = 163D3C931C1D560100ED66EF /* main.cpp */; };
		163D3CA51C1D56AF00ED66EF /* libmpi_cxx.1.dylib in Frameworks */ = {isa = PBXBuildFile; fileRef = 163D3CA41C1D56AF00ED66EF /* libmpi_cxx.1.dylib */; };
		163D3CA71C1D56D700ED66EF /* libmpi.12.dylib in Frameworks */ = {isa = PBXBuildFile; fileRef = 163D3CA61C1D56D700ED66EF /* libmpi.12.dylib */; };
/* End PBXBuildFile section */

/* Begin PBXBuildRule section */
		163D3CA81C1D5A3D00ED66EF /* PBXBuildRule */ = {
			isa = PBXBuildRule;
			compilerSpec = com.apple.compilers.proxy.script;
			fileType = pattern.proxy;
			isEditable = 1;
			outputFiles = (
			);
		};
/* End PBXBuildRule section */

/* Begin PBXCopyFilesBuildPhase section */
		163D3C8E1C1D560100ED66EF /* CopyFiles */ = {
			isa = PBXCopyFilesBuildPhase;
			buildActionMask = 2147483647;
			dstPath = /usr/share/man/man1/;
			dstSubfolderSpec = 0;
			files = (
			);
			runOnlyForDeploymentPostprocessing = 1;
		};
/* End PBXCopyFilesBuildPhase section */

/* Begin PBXFileReference section */
		163D3C901C1D560100ED66EF /* 5sem_2task */ = {isa = PBXFileReference; explicitFileType = "compiled.mach-o.executable"; includeInIndex = 0; path = 5sem_2task; sourceTree = BUILT_PRODUCTS_DIR; };
		163D3C931C1D560100ED66EF /* main.cpp */ = {isa = PBXFileReference; lastKnownFileType = sourcecode.cpp.cpp; path = main.cpp; sourceTree = "<group>"; };
		163D3C9A1C1D564800ED66EF /* CommandException.h */ = {isa = PBXFileReference; fileEncoding = 4; lastKnownFileType = sourcecode.c.h; path = CommandException.h; sourceTree = "<group>"; };
		163D3C9B1C1D564800ED66EF /* Field.h */ = {isa = PBXFileReference; fileEncoding = 4; lastKnownFileType = sourcecode.c.h; path = Field.h; sourceTree = "<group>"; };
		163D3C9C1C1D564800ED66EF /* Handler.h */ = {isa = PBXFileReference; fileEncoding = 4; lastKnownFileType = sourcecode.c.h; path = Handler.h; sourceTree = "<group>"; };
		163D3C9D1C1D564800ED66EF /* LifeSolver.h */ = {isa = PBXFileReference; fileEncoding = 4; lastKnownFileType = sourcecode.c.h; path = LifeSolver.h; sourceTree = "<group>"; };
		163D3C9E1C1D564800ED66EF /* Master.h */ = {isa = PBXFileReference; fileEncoding = 4; lastKnownFileType = sourcecode.c.h; path = Master.h; sourceTree = "<group>"; };
		163D3C9F1C1D564800ED66EF /* MPIHandler.h */ = {isa = PBXFileReference; fileEncoding = 4; lastKnownFileType = sourcecode.c.h; path = MPIHandler.h; sourceTree = "<group>"; };
		163D3CA01C1D564800ED66EF /* MPILifeSolver.h */ = {isa = PBXFileReference; fileEncoding = 4; lastKnownFileType = sourcecode.c.h; path = MPILifeSolver.h; sourceTree = "<group>"; };
		163D3CA11C1D564800ED66EF /* todo */ = {isa = PBXFileReference; fileEncoding = 4; lastKnownFileType = text; path = todo; sourceTree = "<group>"; };
		163D3CA21C1D564800ED66EF /* utility.h */ = {isa = PBXFileReference; fileEncoding = 4; lastKnownFileType = sourcecode.c.h; path = utility.h; sourceTree = "<group>"; };
		163D3CA31C1D564800ED66EF /* Worker.h */ = {isa = PBXFileReference; fileEncoding = 4; lastKnownFileType = sourcecode.c.h; path = Worker.h; sourceTree = "<group>"; };
		163D3CA41C1D56AF00ED66EF /* libmpi_cxx.1.dylib */ = {isa = PBXFileReference; lastKnownFileType = "compiled.mach-o.dylib"; name = libmpi_cxx.1.dylib; path = ../../../../opt/openmpi/lib/libmpi_cxx.1.dylib; sourceTree = "<group>"; };
		163D3CA61C1D56D700ED66EF /* libmpi.12.dylib */ = {isa = PBXFileReference; lastKnownFileType = "compiled.mach-o.dylib"; name = libmpi.12.dylib; path = ../../../../opt/openmpi/lib/libmpi.12.dylib; sourceTree = "<group>"; };
/* End PBXFileReference section */

/* Begin PBXFrameworksBuildPhase section */
		163D3C8D1C1D560100ED66EF /* Frameworks */ = {
			isa = PBXFrameworksBuildPhase;
			buildActionMask = 2147483647;
			files = (
				163D3CA71C1D56D700ED66EF /* libmpi.12.dylib in Frameworks */,
				163D3CA51C1D56AF00ED66EF /* libmpi_cxx.1.dylib in Frameworks */,
			);
			runOnlyForDeploymentPostprocessing = 0;
		};
/* End PBXFrameworksBuildPhase section */

/* Begin PBXGroup section */
		163D3C871C1D560100ED66EF = {
			isa = PBXGroup;
			children = (
				163D3CA61C1D56D700ED66EF /* libmpi.12.dylib */,
				163D3CA41C1D56AF00ED66EF /* libmpi_cxx.1.dylib */,
				163D3C921C1D560100ED66EF /* 5sem_2task */,
				163D3C911C1D560100ED66EF /* Products */,
			);
			sourceTree = "<group>";
		};
		163D3C911C1D560100ED66EF /* Products */ = {
			isa = PBXGroup;
			children = (
				163D3C901C1D560100ED66EF /* 5sem_2task */,
			);
			name = Products;
			sourceTree = "<group>";
		};
		163D3C921C1D560100ED66EF /* 5sem_2task */ = {
			isa = PBXGroup;
			children = (
				163D3C9A1C1D564800ED66EF /* CommandException.h */,
				163D3C9B1C1D564800ED66EF /* Field.h */,
				163D3C9C1C1D564800ED66EF /* Handler.h */,
				163D3C9D1C1D564800ED66EF /* LifeSolver.h */,
				163D3C9E1C1D564800ED66EF /* Master.h */,
				163D3C9F1C1D564800ED66EF /* MPIHandler.h */,
				163D3CA01C1D564800ED66EF /* MPILifeSolver.h */,
				163D3CA11C1D564800ED66EF /* todo */,
				163D3CA21C1D564800ED66EF /* utility.h */,
				163D3CA31C1D564800ED66EF /* Worker.h */,
				163D3C931C1D560100ED66EF /* main.cpp */,
			);
			path = 5sem_2task;
			sourceTree = "<group>";
		};
/* End PBXGroup section */

/* Begin PBXNativeTarget section */
		163D3C8F1C1D560100ED66EF /* 5sem_2task */ = {
			isa = PBXNativeTarget;
			buildConfigurationList = 163D3C971C1D560100ED66EF /* Build configuration list for PBXNativeTarget "5sem_2task" */;
			buildPhases = (
				163D3C8C1C1D560100ED66EF /* Sources */,
				163D3C8D1C1D560100ED66EF /* Frameworks */,
				163D3C8E1C1D560100ED66EF /* CopyFiles */,
			);
			buildRules = (
				163D3CA81C1D5A3D00ED66EF /* PBXBuildRule */,
			);
			dependencies = (
			);
			name = 5sem_2task;
			productName = 5sem_2task;
			productReference = 163D3C901C1D560100ED66EF /* 5sem_2task */;
			productType = "com.apple.product-type.tool";
		};
/* End PBXNativeTarget section */

/* Begin PBXProject section */
		163D3C881C1D560100ED66EF /* Project object */ = {
			isa = PBXProject;
			attributes = {
				LastUpgradeCheck = 0620;
				ORGANIZATIONNAME = LiubovMIPT;
				TargetAttributes = {
					163D3C8F1C1D560100ED66EF = {
						CreatedOnToolsVersion = 6.2;
					};
				};
			};
			buildConfigurationList = 163D3C8B1C1D560100ED66EF /* Build configuration list for PBXProject "5sem_2task" */;
			compatibilityVersion = "Xcode 3.2";
			developmentRegion = English;
			hasScannedForEncodings = 0;
			knownRegions = (
				en,
			);
			mainGroup = 163D3C871C1D560100ED66EF;
			productRefGroup = 163D3C911C1D560100ED66EF /* Products */;
			projectDirPath = "";
			projectRoot = "";
			targets = (
				163D3C8F1C1D560100ED66EF /* 5sem_2task */,
			);
		};
/* End PBXProject section */

/* Begin PBXSourcesBuildPhase section */
		163D3C8C1C1D560100ED66EF /* Sources */ = {
			isa = PBXSourcesBuildPhase;
			buildActionMask = 2147483647;
			files = (
				163D3C941C1D560100ED66EF /* main.cpp in Sources */,
			);
			runOnlyForDeploymentPostprocessing = 0;
		};
/* End PBXSourcesBuildPhase section */

/* Begin XCBuildConfiguration section */
		163D3C951C1D560100ED66EF /* Debug */ = {
			isa = XCBuildConfiguration;
			buildSettings = {
				ALWAYS_SEARCH_USER_PATHS = NO;
				CLANG_CXX_LANGUAGE_STANDARD = "gnu++0x";
				CLANG_CXX_LIBRARY = "libc++";
				CLANG_ENABLE_MODULES = YES;
				CLANG_ENABLE_OBJC_ARC = YES;
				CLANG_WARN_BOOL_CONVERSION = YES;
				CLANG_WARN_CONSTANT_CONVERSION = YES;
				CLANG_WARN_DIRECT_OBJC_ISA_USAGE = YES_ERROR;
				CLANG_WARN_EMPTY_BODY = YES;
				CLANG_WARN_ENUM_CONVERSION = YES;
				CLANG_WARN_INT_CONVERSION = YES;
				CLANG_WARN_OBJC_ROOT_CLASS = YES_ERROR;
				CLANG_WARN_UNREACHABLE_CODE = YES;
				CLANG_WARN__DUPLICATE_METHOD_MATCH = YES;
				COPY_PHASE_STRIP = NO;
				ENABLE_STRICT_OBJC_MSGSEND = YES;
				GCC_C_LANGUAGE_STANDARD = gnu99;
				GCC_DYNAMIC_NO_PIC = NO;
				GCC_OPTIMIZATION_LEVEL = 0;
				GCC_PREPROCESSOR_DEFINITIONS = (
					"DEBUG=1",
					"$(inherited)",
				);
				GCC_SYMBOLS_PRIVATE_EXTERN = NO;
				GCC_WARN_64_TO_32_BIT_CONVERSION = YES;
				GCC_WARN_ABOUT_RETURN_TYPE = YES_ERROR;
				GCC_WARN_UNDECLARED_SELECTOR = YES;
				GCC_WARN_UNINITIALIZED_AUTOS = YES_AGGRESSIVE;
				GCC_WARN_UNUSED_FUNCTION = YES;
				GCC_WARN_UNUSED_VARIABLE = YES;
				MACOSX_DEPLOYMENT_TARGET = 10.10;
				MTL_ENABLE_DEBUG_INFO = YES;
				ONLY_ACTIVE_ARCH = YES;
				SDKROOT = macosx;
			};
			name = Debug;
		};
		163D3C961C1D560100ED66EF /* Release */ = {
			isa = XCBuildConfiguration;
			buildSettings = {
				ALWAYS_SEARCH_USER_PATHS = NO;
				CLANG_CXX_LANGUAGE_STANDARD = "gnu++0x";
				CLANG_CXX_LIBRARY = "libc++";
				CLANG_ENABLE_MODULES = YES;
				CLANG_ENABLE_OBJC_ARC = YES;
				CLANG_WARN_BOOL_CONVERSION = YES;
				CLANG_WARN_CONSTANT_CONVERSION = YES;
				CLANG_WARN_DIRECT_OBJC_ISA_USAGE = YES_ERROR;
				CLANG_WARN_EMPTY_BODY = YES;
				CLANG_WARN_ENUM_CONVERSION = YES;
				CLANG_WARN_INT_CONVERSION = YES;
				CLANG_WARN_OBJC_ROOT_CLASS = YES_ERROR;
				CLANG_WARN_UNREACHABLE_CODE = YES;
				CLANG_WARN__DUPLICATE_METHOD_MATCH = YES;
				COPY_PHASE_STRIP = NO;
				DEBUG_INFORMATION_FORMAT = "dwarf-with-dsym";
				ENABLE_NS_ASSERTIONS = NO;
				ENABLE_STRICT_OBJC_MSGSEND = YES;
				GCC_C_LANGUAGE_STANDARD = gnu99;
				GCC_WARN_64_TO_32_BIT_CONVERSION = YES;
				GCC_WARN_ABOUT_RETURN_TYPE = YES_ERROR;
				GCC_WARN_UNDECLARED_SELECTOR = YES;
				GCC_WARN_UNINITIALIZED_AUTOS = YES_AGGRESSIVE;
				GCC_WARN_UNUSED_FUNCTION = YES;
				GCC_WARN_UNUSED_VARIABLE = YES;
				MACOSX_DEPLOYMENT_TARGET = 10.10;
				MTL_ENABLE_DEBUG_INFO = NO;
				SDKROOT = macosx;
			};
			name = Release;
		};
		163D3C981C1D560100ED66EF /* Debug */ = {
			isa = XCBuildConfiguration;
			buildSettings = {
				HEADER_SEARCH_PATHS = (
					"$(inherited)",
					/Applications/Xcode.app/Contents/Developer/Toolchains/XcodeDefault.xctoolchain/usr/include,
					/opt/openmpi/include,
				);
				LIBRARY_SEARCH_PATHS = (
					"$(inherited)",
					/opt/openmpi/lib,
				);
				PRODUCT_NAME = "$(TARGET_NAME)";
			};
			name = Debug;
		};
		163D3C991C1D560100ED66EF /* Release */ = {
			isa = XCBuildConfiguration;
			buildSettings = {
				HEADER_SEARCH_PATHS = (
					"$(inherited)",
					/Applications/Xcode.app/Contents/Developer/Toolchains/XcodeDefault.xctoolchain/usr/include,
					/opt/openmpi/include,
				);
				LIBRARY_SEARCH_PATHS = (
					"$(inherited)",
					/opt/openmpi/lib,
				);
				PRODUCT_NAME = "$(TARGET_NAME)";
			};
			name = Release;
		};
/* End XCBuildConfiguration section */

/* Begin XCConfigurationList section */
		163D3C8B1C1D560100ED66EF /* Build configuration list for PBXProject "5sem_2task" */ = {
			isa = XCConfigurationList;
			buildConfigurations = (
				163D3C951C1D560100ED66EF /* Debug */,
				163D3C961C1D560100ED66EF /* Release */,
			);
			defaultConfigurationIsVisible = 0;
			defaultConfigurationName = Release;
		};
		163D3C971C1D560100ED66EF /* Build configuration list for PBXNativeTarget "5sem_2task" */ = {
			isa = XCConfigurationList;
			buildConfigurations = (
				163D3C981C1D560100ED66EF /* Debug */,
				163D3C991C1D560100ED66EF /* Release */,
			);
			defaultConfigurationIsVisible = 0;
			defaultConfigurationName = Release;
		};
/* End XCConfigurationList section */
	};
	rootObject = 163D3C881C1D560100ED66EF /* Project object */;
}
